# This file was autogenerated by Stack.
# You should not edit this file by hand.
# For more information, please see the documentation at:
#   https://docs.haskellstack.org/en/stable/lock_files

packages:
- completed:
    hackage: jose-0.10@sha256:fddc06fefe1ee2a7a5776d4cbc58f2ede6220d25fdeeb12c741c8c3477b6cbcc,3212
    pantry-tree:
      sha256: 55ba40a1c4c4bc816e70244cc11ad28a7323b5c475e7d3a4bf2e8cac2ae4d68c
      size: 2154
  original:
    hackage: jose-0.10@sha256:fddc06fefe1ee2a7a5776d4cbc58f2ede6220d25fdeeb12c741c8c3477b6cbcc,3212
- completed:
    name: servant
    pantry-tree:
      sha256: 026099e9fd7cf36016f5b04314f157d38136bab3aa1442b0455a771c2b7d12e8
      size: 3020
    sha256: 4a51ac02d487c49c62391fa8dfd0c27be60330e5b8a49baec52a5c731c7ee4f9
    size: 409549
    subdir: servant
    url: https://github.com/haskell-servant/servant/archive/7ae787371333556a7b84778631ed91d1d73e8370.tar.gz
    version: 0.19.1
  original:
    subdir: servant
    url: https://github.com/haskell-servant/servant/archive/7ae787371333556a7b84778631ed91d1d73e8370.tar.gz
- completed:
    name: servant-server
    pantry-tree:
      sha256: 73358e8d36c3d79587dc6fcc7d96710c84b5964b2db1d7e840e2cba23070dd4c
      size: 2728
    sha256: 4a51ac02d487c49c62391fa8dfd0c27be60330e5b8a49baec52a5c731c7ee4f9
    size: 409549
    subdir: servant-server
    url: https://github.com/haskell-servant/servant/archive/7ae787371333556a7b84778631ed91d1d73e8370.tar.gz
    version: 0.19.2
  original:
    subdir: servant-server
    url: https://github.com/haskell-servant/servant/archive/7ae787371333556a7b84778631ed91d1d73e8370.tar.gz
- completed:
    name: servant-auth
    pantry-tree:
      sha256: 48de147d817d571231bb3c50a19f06c962fed4c5794a3c8a81c9b584ee9ad0e1
      size: 426
    sha256: 4a51ac02d487c49c62391fa8dfd0c27be60330e5b8a49baec52a5c731c7ee4f9
    size: 409549
    subdir: servant-auth/servant-auth
    url: https://github.com/haskell-servant/servant/archive/7ae787371333556a7b84778631ed91d1d73e8370.tar.gz
    version: 0.4.1.0
  original:
    subdir: servant-auth/servant-auth
    url: https://github.com/haskell-servant/servant/archive/7ae787371333556a7b84778631ed91d1d73e8370.tar.gz
- completed:
    name: servant-auth-server
    pantry-tree:
      sha256: aba56986dc7234ef48caf715f231b07b4e54caa9757dfc2a84162ca5252b3c57
      size: 1469
    sha256: 4a51ac02d487c49c62391fa8dfd0c27be60330e5b8a49baec52a5c731c7ee4f9
    size: 409549
    subdir: servant-auth/servant-auth-server
    url: https://github.com/haskell-servant/servant/archive/7ae787371333556a7b84778631ed91d1d73e8370.tar.gz
    version: 0.4.7.0
  original:
    subdir: servant-auth/servant-auth-server
    url: https://github.com/haskell-servant/servant/archive/7ae787371333556a7b84778631ed91d1d73e8370.tar.gz
snapshots:
- completed:
    sha256: 4c972e067bae16b95961dbfdd12e07f1ee6c8fffabbfa05c3d65100b03f548b7
    size: 650253
    url: https://raw.githubusercontent.com/commercialhaskell/stackage-snapshots/master/lts/20/23.yaml
  original: lts-20.23
