# This file was autogenerated by Stack.
# You should not edit this file by hand.
# For more information, please see the documentation at:
#   https://docs.haskellstack.org/en/stable/lock_files

packages:
- completed:
    hackage: polysemy-time-0.2.0.1@sha256:fa81a5ae50b4292b0ac2868c8ea1e79143491c8430d6e3ca866044b7d57df3c2,4777
    pantry-tree:
      size: 1501
      sha256: c82cfb0c20a9816591787a46b7c04107ae58d95307b4ac62f634056d64a23d8e
  original:
    hackage: polysemy-time-0.2.0.1@sha256:fa81a5ae50b4292b0ac2868c8ea1e79143491c8430d6e3ca866044b7d57df3c2,4777
snapshots:
- completed:
    size: 586110
    url: https://raw.githubusercontent.com/commercialhaskell/stackage-snapshots/master/lts/18/21.yaml
    sha256: ce4fb8d44f3c6c6032060a02e0ebb1bd29937c9a70101c1517b92a87d9515160
  original: lts-18.21
