# This file was autogenerated by Stack.
# You should not edit this file by hand.
# For more information, please see the documentation at:
#   https://docs.haskellstack.org/en/stable/lock_files

packages:
- completed:
    hackage: polysemy-1.5.0.0@sha256:7edb723e7f703fe273a40e43fe33f6e8f7659fe60759e8698def1481262d314d,6246
    pantry-tree:
      size: 4438
      sha256: 7b7d379751f79f0e0e5afcdf3d8092e5b8e04515710f21f514aa8f29ce4835f4
  original:
    hackage: polysemy-1.5.0.0@sha256:7edb723e7f703fe273a40e43fe33f6e8f7659fe60759e8698def1481262d314d,6246
- completed:
    hackage: polysemy-plugin-0.3.0.0@sha256:22e7553d0fddb48d9484ba1c71d2ed825213fcb214866d9b502ee02bfb960cb4,3121
    pantry-tree:
      size: 1162
      sha256: 8d0bbea846d4410b769687daa8595ff1349efd02c1ab528a857883388dd2db45
  original:
    hackage: polysemy-plugin-0.3.0.0@sha256:22e7553d0fddb48d9484ba1c71d2ed825213fcb214866d9b502ee02bfb960cb4,3121
- completed:
    size: 23137
    subdir: packages/polysemy-log
    url: https://github.com/tek/polysemy-log/archive/9a8027c887001876e0cd5bed77d2d90453335b09.tar.gz
    name: polysemy-log
    version: 0.2.2.0
    sha256: ef204534b53a8d2254ba7f9dcf6c81eb343e6b4f6b4cfc056df40edd7759afbd
    pantry-tree:
      size: 1592
      sha256: 87a9eb73cc8e2af1c76204b0ee8f949919c56228214a21caa506f77d1fbace68
  original:
    subdir: packages/polysemy-log
    url: https://github.com/tek/polysemy-log/archive/9a8027c887001876e0cd5bed77d2d90453335b09.tar.gz
- completed:
    size: 23137
    subdir: packages/polysemy-log-co
    url: https://github.com/tek/polysemy-log/archive/9a8027c887001876e0cd5bed77d2d90453335b09.tar.gz
    name: polysemy-log-co
    version: 0.2.2.0
    sha256: ef204534b53a8d2254ba7f9dcf6c81eb343e6b4f6b4cfc056df40edd7759afbd
    pantry-tree:
      size: 708
      sha256: 395692d1e28f5d8a3ef3ebeb616e3d4c836d8766505bbeaebc59a83f9b5afb35
  original:
    subdir: packages/polysemy-log-co
    url: https://github.com/tek/polysemy-log/archive/9a8027c887001876e0cd5bed77d2d90453335b09.tar.gz
- completed:
    size: 48370
    subdir: co-log-polysemy
    url: https://github.com/kowainik/co-log/archive/d2c7ad66af4e79c7a8f8d5e6c324ea3ff2739277.tar.gz
    name: co-log-polysemy
    version: 0.0.1.2
    sha256: 38b41b7ee82026b6a16dd37ed82af55c6f7d68d769926376627b900ce0400dad
    pantry-tree:
      size: 400
      sha256: 62c6f8a5fcfdc902e7b4b47e0e38038b8ff6396878f855d354861e7d7f08db6f
  original:
    subdir: co-log-polysemy
    url: https://github.com/kowainik/co-log/archive/d2c7ad66af4e79c7a8f8d5e6c324ea3ff2739277.tar.gz
- completed:
    size: 18250
    subdir: packages/chronos
    url: https://github.com/tek/polysemy-time/archive/5a3c501f21967159bf639b7140c17d0259408ee0.tar.gz
    name: polysemy-chronos
    version: 0.1.1.0
    sha256: 479e36698a8f951069d225e0e319f02ecfd406d9bb1b203b2686d71a3ec3ab3c
    pantry-tree:
      size: 550
      sha256: f0b05dce7843ca1b30c3b99131d302a91eeec6c19fe7c4917bb427ce9b47e251
  original:
    subdir: packages/chronos
    url: https://github.com/tek/polysemy-time/archive/5a3c501f21967159bf639b7140c17d0259408ee0.tar.gz
- completed:
    size: 18250
    subdir: packages/time
    url: https://github.com/tek/polysemy-time/archive/5a3c501f21967159bf639b7140c17d0259408ee0.tar.gz
    name: polysemy-time
    version: 0.1.1.0
    sha256: 479e36698a8f951069d225e0e319f02ecfd406d9bb1b203b2686d71a3ec3ab3c
    pantry-tree:
      size: 1278
      sha256: 0fa0847ffeea83f68cb3df57994d93dcc907bfc6e178a9282f26c6a55bf5660a
  original:
    subdir: packages/time
    url: https://github.com/tek/polysemy-time/archive/5a3c501f21967159bf639b7140c17d0259408ee0.tar.gz
- completed:
    size: 17295
    subdir: packages/conc
    url: https://github.com/tek/polysemy-conc/archive/28bd2ef2a7ceaa82d4478d98884287fb5fe17e9f.tar.gz
    name: polysemy-conc
    version: 0.1.0.0
    sha256: 9f00f045e36c59956fe5a8f651c78d347d9fce63ccc23bff6e1eafd23a8afb32
    pantry-tree:
      size: 1747
      sha256: 22f75285a55167662fbc93d47d355f7a05c13bbb584aa2a2a334965700a4208f
  original:
    subdir: packages/conc
    url: https://github.com/tek/polysemy-conc/archive/28bd2ef2a7ceaa82d4478d98884287fb5fe17e9f.tar.gz
snapshots:
- completed:
    size: 534126
    url: https://raw.githubusercontent.com/commercialhaskell/stackage-snapshots/master/lts/16/31.yaml
    sha256: 637fb77049b25560622a224845b7acfe81a09fdb6a96a3c75997a10b651667f6
  original: lts-16.31
