# This file was autogenerated by Stack.
# You should not edit this file by hand.
# For more information, please see the documentation at:
#   https://docs.haskellstack.org/en/stable/lock_files

packages:
- completed:
    hackage: polysemy-1.5.0.0@sha256:7edb723e7f703fe273a40e43fe33f6e8f7659fe60759e8698def1481262d314d,6246
    pantry-tree:
      size: 4438
      sha256: 7b7d379751f79f0e0e5afcdf3d8092e5b8e04515710f21f514aa8f29ce4835f4
  original:
    hackage: polysemy-1.5.0.0@sha256:7edb723e7f703fe273a40e43fe33f6e8f7659fe60759e8698def1481262d314d,6246
- completed:
    hackage: polysemy-log-0.2.0.0@sha256:ae0790fd49df2c994dba1f884336ebd1181b806aaa85ba846080657820886368,5327
    pantry-tree:
      size: 1591
      sha256: 4d95d635c7c674a41cfe924fc1d8c511f3bd6fee88b18e1af0ff4ab94088b1b0
  original:
    hackage: polysemy-log-0.2.0.0@sha256:ae0790fd49df2c994dba1f884336ebd1181b806aaa85ba846080657820886368,5327
- completed:
    hackage: polysemy-plugin-0.3.0.0@sha256:22e7553d0fddb48d9484ba1c71d2ed825213fcb214866d9b502ee02bfb960cb4,3121
    pantry-tree:
      size: 1162
      sha256: 8d0bbea846d4410b769687daa8595ff1349efd02c1ab528a857883388dd2db45
  original:
    hackage: polysemy-plugin-0.3.0.0@sha256:22e7553d0fddb48d9484ba1c71d2ed825213fcb214866d9b502ee02bfb960cb4,3121
- completed:
    hackage: polysemy-time-0.1.2.0@sha256:14dbb760f06c7a55a56d80891e1f1968aa56bbabfa71f067f02a65e9e7cc0f67,5079
    pantry-tree:
      size: 1278
      sha256: 9a0ff71d6b3dec5a7bc3438f1fbe55a5c960a380c556373d7c82d3a4994c6131
  original:
    hackage: polysemy-time-0.1.2.0@sha256:14dbb760f06c7a55a56d80891e1f1968aa56bbabfa71f067f02a65e9e7cc0f67,5079
snapshots:
- completed:
    size: 565720
    url: https://raw.githubusercontent.com/commercialhaskell/stackage-snapshots/master/lts/17/8.yaml
    sha256: 76bf8992ff8dfe6eda9c02f81866138c2369344d5011ab39ae403457c4448b03
  original: lts-17.8
