# This file was autogenerated by Stack.
# You should not edit this file by hand.
# For more information, please see the documentation at:
#   https://docs.haskellstack.org/en/stable/lock_files

packages:
- completed:
    hackage: sydtest-0.15.0.0@sha256:02c57f071c2beb10cc9ac1c2fb48a95cabe587969fbd0bc7e998f89701783bbe,3959
    pantry-tree:
      sha256: 8cffdf8ed85451016400dab72490c7ee967d23e03379a56719e32935a0e63863
      size: 3785
  original:
    hackage: sydtest-0.15.0.0@sha256:02c57f071c2beb10cc9ac1c2fb48a95cabe587969fbd0bc7e998f89701783bbe,3959
snapshots:
- completed:
    sha256: 126fa33ceb11f5e85ceb4e86d434756bd9a8439e2e5776d306a15fbc63b01e89
    size: 650041
    url: https://raw.githubusercontent.com/commercialhaskell/stackage-snapshots/master/lts/20/20.yaml
  original: lts-20.20
