# This file was autogenerated by Stack.
# You should not edit this file by hand.
# For more information, please see the documentation at:
#   https://docs.haskellstack.org/en/stable/lock_files

packages:
- completed:
    hackage: servant-flatten-0.2@sha256:276896f7c5cdec5b8f8493f6205fded0cc602d050b58fdb09a6d7c85c3bb0837,1234
    pantry-tree:
      size: 325
      sha256: 04f12c7bef2c3f9a25d94eb9489752ed498db8e243069fe95838dbb51df1dcb3
  original:
    hackage: servant-flatten-0.2@sha256:276896f7c5cdec5b8f8493f6205fded0cc602d050b58fdb09a6d7c85c3bb0837,1234
- completed:
    hackage: servant-lucid-0.9.0.5@sha256:c46780eefc12544b862af1dd7c7f88715e5fb45d954da538b0641d42c7b5f5c6,1787
    pantry-tree:
      size: 392
      sha256: 7d529522482f4f83a62430a0fe245afc6272a5b9a63f2581388ac602654806c0
  original:
    hackage: servant-lucid-0.9.0.5@sha256:c46780eefc12544b862af1dd7c7f88715e5fb45d954da538b0641d42c7b5f5c6,1787
- completed:
    hackage: http-client-0.7.11@sha256:3f59ac8ffe2a3768846cdda040a0d1df2a413960529ba61c839861c948871967,5756
    pantry-tree:
      size: 2547
      sha256: 8372e84e9c710097f4f80f2016ca15a5a0cd7884b8ac5ce70f26b3110f4401bd
  original:
    hackage: http-client-0.7.11@sha256:3f59ac8ffe2a3768846cdda040a0d1df2a413960529ba61c839861c948871967,5756
- completed:
    size: 286716
    subdir: sydtest
    url: https://github.com/srid/sydtest/archive/9c6c7678f7aabe22e075aab810a6a2e304591d24.tar.gz
    name: sydtest
    version: 0.8.0.0
    sha256: ba1e819a788de8363904cad6bf2a3d36e84253e72347400ecb8cb3ad214bbb16
    pantry-tree:
      size: 3181
      sha256: 19d20499d6e4669243f850b2e338b3dc9d5ff9fb219d0f20fe236d9f50521c19
  original:
    subdir: sydtest
    url: https://github.com/srid/sydtest/archive/9c6c7678f7aabe22e075aab810a6a2e304591d24.tar.gz
- completed:
    size: 286716
    subdir: sydtest-wai
    url: https://github.com/srid/sydtest/archive/9c6c7678f7aabe22e075aab810a6a2e304591d24.tar.gz
    name: sydtest-wai
    version: 0.2.0.0
    sha256: ba1e819a788de8363904cad6bf2a3d36e84253e72347400ecb8cb3ad214bbb16
    pantry-tree:
      size: 776
      sha256: 81e689a4e0f83186ea500d54fbda628bd792acecef6a6756fd9c2e2039348762
  original:
    subdir: sydtest-wai
    url: https://github.com/srid/sydtest/archive/9c6c7678f7aabe22e075aab810a6a2e304591d24.tar.gz
- completed:
    size: 60321
    subdir: autodocodec
    url: https://github.com/srid/autodocodec/archive/42b42a7407f33c6c74fa4e8c84906aebfed28daf.tar.gz
    name: autodocodec
    version: 0.0.1.0
    sha256: 444d5013fdf1c5577a49279d3feed84ef69eb3b1f172a871bbbcd91643faa8db
    pantry-tree:
      size: 860
      sha256: da864fda26aa9b55ed58d3c1d4477a3cb69cae298ced8563b28120cbfcb7b56f
  original:
    subdir: autodocodec
    url: https://github.com/srid/autodocodec/archive/42b42a7407f33c6c74fa4e8c84906aebfed28daf.tar.gz
- completed:
    size: 60321
    subdir: autodocodec-schema
    url: https://github.com/srid/autodocodec/archive/42b42a7407f33c6c74fa4e8c84906aebfed28daf.tar.gz
    name: autodocodec-schema
    version: 0.1.0.0
    sha256: 444d5013fdf1c5577a49279d3feed84ef69eb3b1f172a871bbbcd91643faa8db
    pantry-tree:
      size: 336
      sha256: 5485bc2eae98b409e5cf8d29e866899f6e0e2e622178f65a9ba2eedf9c53b0f2
  original:
    subdir: autodocodec-schema
    url: https://github.com/srid/autodocodec/archive/42b42a7407f33c6c74fa4e8c84906aebfed28daf.tar.gz
- completed:
    size: 60321
    subdir: autodocodec-yaml
    url: https://github.com/srid/autodocodec/archive/42b42a7407f33c6c74fa4e8c84906aebfed28daf.tar.gz
    name: autodocodec-yaml
    version: 0.1.0.1
    sha256: 444d5013fdf1c5577a49279d3feed84ef69eb3b1f172a871bbbcd91643faa8db
    pantry-tree:
      size: 540
      sha256: e787b02fea4cbd6408f197dd5fac4dcf0fab3c8dbc47b2d8e08d795145b0c786
  original:
    subdir: autodocodec-yaml
    url: https://github.com/srid/autodocodec/archive/42b42a7407f33c6c74fa4e8c84906aebfed28daf.tar.gz
- completed:
    size: 114144
    subdir: validity-aeson
    url: https://github.com/srid/validity/archive/f7982549b95d0ab727950dc876ca06b1862135ba.tar.gz
    name: validity-aeson
    version: 0.2.0.4
    sha256: aa163bfae59256fbd6713509202fe0f9aff2740b074fdce761d29e4a5ccf84f9
    pantry-tree:
      size: 405
      sha256: d46d82b8b0bd6500242292fd25898fde24bdf7058d5874e306abda76f1368fff
  original:
    subdir: validity-aeson
    url: https://github.com/srid/validity/archive/f7982549b95d0ab727950dc876ca06b1862135ba.tar.gz
snapshots:
- completed:
    size: 612139
    url: https://raw.githubusercontent.com/commercialhaskell/stackage-snapshots/master/nightly/2022/3/2.yaml
    sha256: 6ef685536958c4c008dd8a9cca32b182515f39051cb903d861b2aec01c508ae8
  original: nightly-2022-03-02
