# This file was autogenerated by Stack.
# You should not edit this file by hand.
# For more information, please see the documentation at:
#   https://docs.haskellstack.org/en/stable/lock_files

packages:
- completed:
    hackage: sydtest-webdriver-0.0.0.0@sha256:c1e41ecb9f26b7954679b151792f9a28b1bb2191bf34f72042ac05e114f23ca3,1363
    pantry-tree:
      size: 375
      sha256: dc7928b6b027cc75d1bef567a41aa3cf5b3f79717892a4be7aaec3bec76b3d1c
  original:
    hackage: sydtest-webdriver-0.0.0.0@sha256:c1e41ecb9f26b7954679b151792f9a28b1bb2191bf34f72042ac05e114f23ca3,1363
- completed:
    size: 62470
    url: https://github.com/georgefst/hs-webdriver/archive/cf9c387de7c1525ffbcd58125ccb3f798a97a2bb.tar.gz
    name: webdriver
    version: 0.9.0.1
    sha256: 8a270dbb97f26f2f4af2c29c59629926f6eb52a584096aadbe88c75e21bfcb89
    pantry-tree:
      size: 2934
      sha256: 14fc35c9fcfefd721ba5bf4c76f2177c9e74aaedc6a15719b739571db92ce6e4
  original:
    url: https://github.com/georgefst/hs-webdriver/archive/cf9c387de7c1525ffbcd58125ccb3f798a97a2bb.tar.gz
snapshots:
- completed:
    size: 573008
    url: https://raw.githubusercontent.com/commercialhaskell/stackage-snapshots/master/nightly/2022/5/12.yaml
    sha256: 2c73222c0a3fc8fa5a9df5de04038e402351652ea28b48604e15c36b693a168d
  original: nightly-2022-05-12
